
Microsoft Visual Studio Solution File, Format Version 12.00
# Visual Studio Version 17
VisualStudioVersion = 17.14.36915.13 d17.14
MinimumVisualStudioVersion = 10.0.40219.1
Project("{FAE04EC0-301F-11D3-BF4B-00C04F79EFBC}") = "ImperiusDraconisAPI", "ImperiusDraconisAPI\ImperiusDraconisAPI.csproj", "{05BE43B0-3EBF-43AB-B649-83FCBC9DD878}"
EndProject
Global
	GlobalSection(SolutionConfigurationPlatforms) = preSolution
		Debug|Any CPU = Debug|Any CPU
		Release|Any CPU = Release|Any CPU
	EndGlobalSection
	GlobalSection(ProjectConfigurationPlatforms) = postSolution
		{05BE43B0-3EBF-43AB-B649-83FCBC9DD878}.Debug|Any CPU.ActiveCfg = Debug|Any CPU
		{05BE43B0-3EBF-43AB-B649-83FCBC9DD878}.Debug|Any CPU.Build.0 = Debug|Any CPU
		{05BE43B0-3EBF-43AB-B649-83FCBC9DD878}.Release|Any CPU.ActiveCfg = Release|Any CPU
		{05BE43B0-3EBF-43AB-B649-83FCBC9DD878}.Release|Any CPU.Build.0 = Release|Any CPU
	EndGlobalSection
	GlobalSection(SolutionProperties) = preSolution
		HideSolutionNode = FALSE
	EndGlobalSection
	GlobalSection(ExtensibilityGlobals) = postSolution
		SolutionGuid = {8354B35A-0940-4783-A901-8F97FE18BAD6}
	EndGlobalSection
EndGlobal
